
Microsoft Visual Studio Solution File, Format Version 12.00
# Visual Studio Version 17
VisualStudioVersion = 17.9.34728.123
MinimumVisualStudioVersion = 10.0.40219.1
Project("{FAE04EC0-301F-11D3-BF4B-00C04F79EFBC}") = "FileProvider", "FileProvider\FileProvider.csproj", "{FAEB093C-38D6-4B4D-AF35-2FEF214B7BBB}"
EndProject
Project("{FAE04EC0-301F-11D3-BF4B-00C04F79EFBC}") = "FileProvider.Infrastructure", "FileProvider.Infrastructure\FileProvider.Infrastructure.csproj", "{31839BFA-941A-4230-ACD8-121151782DAE}"
EndProject
Global
	GlobalSection(SolutionConfigurationPlatforms) = preSolution
		Debug|Any CPU = Debug|Any CPU
		Release|Any CPU = Release|Any CPU
	EndGlobalSection
	GlobalSection(ProjectConfigurationPlatforms) = postSolution
		{FAEB093C-38D6-4B4D-AF35-2FEF214B7BBB}.Debug|Any CPU.ActiveCfg = Debug|Any CPU
		{FAEB093C-38D6-4B4D-AF35-2FEF214B7BBB}.Debug|Any CPU.Build.0 = Debug|Any CPU
		{FAEB093C-38D6-4B4D-AF35-2FEF214B7BBB}.Release|Any CPU.ActiveCfg = Release|Any CPU
		{FAEB093C-38D6-4B4D-AF35-2FEF214B7BBB}.Release|Any CPU.Build.0 = Release|Any CPU
		{31839BFA-941A-4230-ACD8-121151782DAE}.Debug|Any CPU.ActiveCfg = Debug|Any CPU
		{31839BFA-941A-4230-ACD8-121151782DAE}.Debug|Any CPU.Build.0 = Debug|Any CPU
		{31839BFA-941A-4230-ACD8-121151782DAE}.Release|Any CPU.ActiveCfg = Release|Any CPU
		{31839BFA-941A-4230-ACD8-121151782DAE}.Release|Any CPU.Build.0 = Release|Any CPU
	EndGlobalSection
	GlobalSection(SolutionProperties) = preSolution
		HideSolutionNode = FALSE
	EndGlobalSection
	GlobalSection(ExtensibilityGlobals) = postSolution
		SolutionGuid = {B9C47BBD-2A0E-4B21-97C2-57F40E88CE23}
	EndGlobalSection
EndGlobal
